Microsoft Visual Studio Solution File, Format Version 12.00
# Visual Studio Version 17
VisualStudioVersion = 17.0.31611.283
MinimumVisualStudioVersion = 10.0.40219.1
Project("{9A19103F-16F7-4668-BE54-9A1E7A4F7556}") = "LegacyEBikeBrain", "LegacyEBikeBrain\LegacyEBikeBrain.csproj", "{A6686361-3360-4BCC-94C4-0D4E067F7BE1}"
EndProject
Project("{FAE04EC0-301F-11D3-BF4B-00C04F79EFBC}") = "EBikeBrainApp", "EBikeBrainApp\EBikeBrainApp.csproj", "{5F6B5EA4-A356-4A49-9700-CB87CA0C3326}"
EndProject
Project("{FAE04EC0-301F-11D3-BF4B-00C04F79EFBC}") = "EBikeBrainApp.Application", "EBikeBrainApp.Application\EBikeBrainApp.Application.csproj", "{7C6B5C6A-6AAE-47AA-B941-368857B94BDD}"
EndProject
Project("{FAE04EC0-301F-11D3-BF4B-00C04F79EFBC}") = "EBikeBrainApp.Domain", "EBikeBrainApp.Domain\EBikeBrainApp.Domain.csproj", "{00A4DBAC-41E5-42A0-B28B-45F5EC19BF54}"
EndProject
Project("{FAE04EC0-301F-11D3-BF4B-00C04F79EFBC}") = "EBikeBrainApp.Test", "EBikeBrainApp.Test\EBikeBrainApp.Test.csproj", "{4B86A0E6-22F3-4EBC-B157-4E0884861CC0}"
EndProject
Project("{FAE04EC0-301F-11D3-BF4B-00C04F79EFBC}") = "EBikeBrainApp.Avalonia.XPlat", "EBikeBrainApp.Avalonia.XPlat\EBikeBrainApp.Avalonia.XPlat\EBikeBrainApp.Avalonia.XPlat.csproj", "{739946A0-A25F-419D-8958-BDA217419C93}"
EndProject
Project("{FAE04EC0-301F-11D3-BF4B-00C04F79EFBC}") = "EBikeBrainApp.Avalonia.XPlat.Android", "EBikeBrainApp.Avalonia.XPlat\EBikeBrainApp.Avalonia.XPlat.Android\EBikeBrainApp.Avalonia.XPlat.Android.csproj", "{A9D51F6D-7B0F-4E58-B332-D553356ABEF6}"
EndProject
Project("{FAE04EC0-301F-11D3-BF4B-00C04F79EFBC}") = "EBikeBrainApp.Avalonia.XPlat.Desktop", "EBikeBrainApp.Avalonia.XPlat\EBikeBrainApp.Avalonia.XPlat.Desktop\EBikeBrainApp.Avalonia.XPlat.Desktop.csproj", "{C854F06B-A656-4C7A-9DB3-4D4B32903971}"
EndProject
Project("{FAE04EC0-301F-11D3-BF4B-00C04F79EFBC}") = "EBikeBrainApp.Avalonia.XPlat.iOS", "EBikeBrainApp.Avalonia.XPlat\EBikeBrainApp.Avalonia.XPlat.iOS\EBikeBrainApp.Avalonia.XPlat.iOS.csproj", "{2E6A019A-F42A-4B31-995B-5058D772B014}"
EndProject
Project("{FAE04EC0-301F-11D3-BF4B-00C04F79EFBC}") = "EBikeBrainApp.Avalonia.XPlat.Browser", "EBikeBrainApp.Avalonia.XPlat\EBikeBrainApp.Avalonia.XPlat.Browser\EBikeBrainApp.Avalonia.XPlat.Browser.csproj", "{1A6A535B-2354-4261-8F3C-384AA079C9EF}"
EndProject
Project("{2150E333-8FDC-42A3-9474-1A3956D46DE8}") = "Apps", "Apps", "{38B3E1D8-F8FA-4268-8C79-DA8BB20BF001}"
EndProject
Project("{2150E333-8FDC-42A3-9474-1A3956D46DE8}") = "Avalonia", "Avalonia", "{93F46D8D-D7F7-46E9-AF91-4739B364243F}"
EndProject
Project("{2150E333-8FDC-42A3-9474-1A3956D46DE8}") = "MAUI", "MAUI", "{C58EE63B-AE29-4DEF-8662-4C6DD281C181}"
EndProject
Project("{2150E333-8FDC-42A3-9474-1A3956D46DE8}") = "Legacy", "Legacy", "{0465FC1E-4CE5-4C09-B0AE-EF5C0AC9C54D}"
EndProject
Project("{FAE04EC0-301F-11D3-BF4B-00C04F79EFBC}") = "EBikeBrainApp.DependencyInjection", "EBikeBrainApp.DependencyInjection\EBikeBrainApp.DependencyInjection.csproj", "{FBB3AC6B-B446-43C3-8EFB-0246153466C6}"
EndProject
Project("{2150E333-8FDC-42A3-9474-1A3956D46DE8}") = "Implementations", "Implementations", "{3973967D-D61A-413C-8BDB-1502C81004BA}"
EndProject
Project("{FAE04EC0-301F-11D3-BF4B-00C04F79EFBC}") = "EBikeBrainApp.Implementations.Demo", "EBikeBrainApp.Implementations.Demo\EBikeBrainApp.Implementations.Demo.csproj", "{40652D55-FBB3-4783-A94C-274D0B0EDC0E}"
EndProject
Project("{FAE04EC0-301F-11D3-BF4B-00C04F79EFBC}") = "EBikeBrainApp.Application.Abstractions", "EBikeBrainApp.Application.Abstractions\EBikeBrainApp.Application.Abstractions.csproj", "{8F345AD4-9CE0-4AB1-B326-121877030386}"
EndProject
Project("{FAE04EC0-301F-11D3-BF4B-00C04F79EFBC}") = "EBikeBrainApp.Utils", "EBikeBrainApp.Utils\EBikeBrainApp.Utils.csproj", "{E2F6F663-4071-4B00-81E9-9F148CC783AF}"
EndProject
Project("{FAE04EC0-301F-11D3-BF4B-00C04F79EFBC}") = "EBikeBrainApp.Implementations.Android", "EBikeBrainApp.Implementations.Android\EBikeBrainApp.Implementations.Android.csproj", "{40E9A167-9929-45E1-8D23-1F5BA84C273D}"
EndProject
Project("{FAE04EC0-301F-11D3-BF4B-00C04F79EFBC}") = "EBikeBrainApp.Protocols.Bafang", "EBikeBrainApp.Protocols.Bafang\EBikeBrainApp.Protocols.Bafang.csproj", "{25537E88-A078-4FC1-B710-820AD1E34607}"
EndProject
Project("{FAE04EC0-301F-11D3-BF4B-00C04F79EFBC}") = "EBikeBrain.Implementations.Eventing", "EBikeBrain.Implementations.Eventing\EBikeBrain.Implementations.Eventing.csproj", "{7BC547C1-E36F-495F-B692-7E9863DCCDF9}"
EndProject
Project("{FAE04EC0-301F-11D3-BF4B-00C04F79EFBC}") = "EBikeBrainApp.Implementations.JsonConfigurationStore", "EBikeBrainApp.Implementations.JsonConfigurationStore\EBikeBrainApp.Implementations.JsonConfigurationStore.csproj", "{4ED9FECE-9569-45DE-9AE4-EFD9F2143E4B}"
EndProject
Project("{FAE04EC0-301F-11D3-BF4B-00C04F79EFBC}") = "EBikeBrainApp.Implementations.EventLogging", "EBikeBrainApp.Implementations.EventLogging\EBikeBrainApp.Implementations.EventLogging.csproj", "{812E1193-BA88-4AD0-AC32-92B5872C62F3}"
EndProject
Project("{2150E333-8FDC-42A3-9474-1A3956D46DE8}") = "Libs", "Libs", "{94C7D34D-5EA9-469E-B00E-4B8519DCECC4}"
EndProject
Project("{FAE04EC0-301F-11D3-BF4B-00C04F79EFBC}") = "BafangLib", "BafangLib\BafangLib.csproj", "{4126A473-E879-44E0-BA73-798196F9BFC0}"
EndProject
Project("{FAE04EC0-301F-11D3-BF4B-00C04F79EFBC}") = "BafangLib.Test", "BafangLib.Test\BafangLib.Test.csproj", "{997EA3E1-06F3-4826-907B-2B2AEB3C8D10}"
EndProject
Global
	GlobalSection(SolutionConfigurationPlatforms) = preSolution
		Debug|Any CPU = Debug|Any CPU
		Release|Any CPU = Release|Any CPU
	EndGlobalSection
	GlobalSection(ProjectConfigurationPlatforms) = postSolution
		{A6686361-3360-4BCC-94C4-0D4E067F7BE1}.Debug|Any CPU.ActiveCfg = Debug|Any CPU
		{A6686361-3360-4BCC-94C4-0D4E067F7BE1}.Debug|Any CPU.Build.0 = Debug|Any CPU
		{A6686361-3360-4BCC-94C4-0D4E067F7BE1}.Debug|Any CPU.Deploy.0 = Debug|Any CPU
		{A6686361-3360-4BCC-94C4-0D4E067F7BE1}.Release|Any CPU.ActiveCfg = Release|Any CPU
		{A6686361-3360-4BCC-94C4-0D4E067F7BE1}.Release|Any CPU.Build.0 = Release|Any CPU
		{A6686361-3360-4BCC-94C4-0D4E067F7BE1}.Release|Any CPU.Deploy.0 = Release|Any CPU
		{5F6B5EA4-A356-4A49-9700-CB87CA0C3326}.Debug|Any CPU.ActiveCfg = Debug|Any CPU
		{5F6B5EA4-A356-4A49-9700-CB87CA0C3326}.Debug|Any CPU.Build.0 = Debug|Any CPU
		{5F6B5EA4-A356-4A49-9700-CB87CA0C3326}.Debug|Any CPU.Deploy.0 = Debug|Any CPU
		{5F6B5EA4-A356-4A49-9700-CB87CA0C3326}.Release|Any CPU.ActiveCfg = Release|Any CPU
		{5F6B5EA4-A356-4A49-9700-CB87CA0C3326}.Release|Any CPU.Build.0 = Release|Any CPU
		{5F6B5EA4-A356-4A49-9700-CB87CA0C3326}.Release|Any CPU.Deploy.0 = Release|Any CPU
		{7C6B5C6A-6AAE-47AA-B941-368857B94BDD}.Debug|Any CPU.ActiveCfg = Debug|Any CPU
		{7C6B5C6A-6AAE-47AA-B941-368857B94BDD}.Debug|Any CPU.Build.0 = Debug|Any CPU
		{7C6B5C6A-6AAE-47AA-B941-368857B94BDD}.Release|Any CPU.ActiveCfg = Release|Any CPU
		{7C6B5C6A-6AAE-47AA-B941-368857B94BDD}.Release|Any CPU.Build.0 = Release|Any CPU
		{00A4DBAC-41E5-42A0-B28B-45F5EC19BF54}.Debug|Any CPU.ActiveCfg = Debug|Any CPU
		{00A4DBAC-41E5-42A0-B28B-45F5EC19BF54}.Debug|Any CPU.Build.0 = Debug|Any CPU
		{00A4DBAC-41E5-42A0-B28B-45F5EC19BF54}.Release|Any CPU.ActiveCfg = Release|Any CPU
		{00A4DBAC-41E5-42A0-B28B-45F5EC19BF54}.Release|Any CPU.Build.0 = Release|Any CPU
		{4B86A0E6-22F3-4EBC-B157-4E0884861CC0}.Debug|Any CPU.ActiveCfg = Debug|Any CPU
		{4B86A0E6-22F3-4EBC-B157-4E0884861CC0}.Debug|Any CPU.Build.0 = Debug|Any CPU
		{4B86A0E6-22F3-4EBC-B157-4E0884861CC0}.Release|Any CPU.ActiveCfg = Release|Any CPU
		{4B86A0E6-22F3-4EBC-B157-4E0884861CC0}.Release|Any CPU.Build.0 = Release|Any CPU
		{739946A0-A25F-419D-8958-BDA217419C93}.Debug|Any CPU.ActiveCfg = Debug|Any CPU
		{739946A0-A25F-419D-8958-BDA217419C93}.Debug|Any CPU.Build.0 = Debug|Any CPU
		{739946A0-A25F-419D-8958-BDA217419C93}.Release|Any CPU.ActiveCfg = Release|Any CPU
		{739946A0-A25F-419D-8958-BDA217419C93}.Release|Any CPU.Build.0 = Release|Any CPU
		{A9D51F6D-7B0F-4E58-B332-D553356ABEF6}.Debug|Any CPU.ActiveCfg = Debug|Any CPU
		{A9D51F6D-7B0F-4E58-B332-D553356ABEF6}.Debug|Any CPU.Build.0 = Debug|Any CPU
		{A9D51F6D-7B0F-4E58-B332-D553356ABEF6}.Release|Any CPU.ActiveCfg = Release|Any CPU
		{A9D51F6D-7B0F-4E58-B332-D553356ABEF6}.Release|Any CPU.Build.0 = Release|Any CPU
		{C854F06B-A656-4C7A-9DB3-4D4B32903971}.Debug|Any CPU.ActiveCfg = Debug|Any CPU
		{C854F06B-A656-4C7A-9DB3-4D4B32903971}.Debug|Any CPU.Build.0 = Debug|Any CPU
		{C854F06B-A656-4C7A-9DB3-4D4B32903971}.Release|Any CPU.ActiveCfg = Release|Any CPU
		{C854F06B-A656-4C7A-9DB3-4D4B32903971}.Release|Any CPU.Build.0 = Release|Any CPU
		{2E6A019A-F42A-4B31-995B-5058D772B014}.Debug|Any CPU.ActiveCfg = Debug|Any CPU
		{2E6A019A-F42A-4B31-995B-5058D772B014}.Debug|Any CPU.Build.0 = Debug|Any CPU
		{2E6A019A-F42A-4B31-995B-5058D772B014}.Release|Any CPU.ActiveCfg = Release|Any CPU
		{2E6A019A-F42A-4B31-995B-5058D772B014}.Release|Any CPU.Build.0 = Release|Any CPU
		{1A6A535B-2354-4261-8F3C-384AA079C9EF}.Debug|Any CPU.ActiveCfg = Debug|Any CPU
		{1A6A535B-2354-4261-8F3C-384AA079C9EF}.Debug|Any CPU.Build.0 = Debug|Any CPU
		{1A6A535B-2354-4261-8F3C-384AA079C9EF}.Release|Any CPU.ActiveCfg = Release|Any CPU
		{1A6A535B-2354-4261-8F3C-384AA079C9EF}.Release|Any CPU.Build.0 = Release|Any CPU
		{FBB3AC6B-B446-43C3-8EFB-0246153466C6}.Debug|Any CPU.ActiveCfg = Debug|Any CPU
		{FBB3AC6B-B446-43C3-8EFB-0246153466C6}.Debug|Any CPU.Build.0 = Debug|Any CPU
		{FBB3AC6B-B446-43C3-8EFB-0246153466C6}.Release|Any CPU.ActiveCfg = Release|Any CPU
		{FBB3AC6B-B446-43C3-8EFB-0246153466C6}.Release|Any CPU.Build.0 = Release|Any CPU
		{40652D55-FBB3-4783-A94C-274D0B0EDC0E}.Debug|Any CPU.ActiveCfg = Debug|Any CPU
		{40652D55-FBB3-4783-A94C-274D0B0EDC0E}.Debug|Any CPU.Build.0 = Debug|Any CPU
		{40652D55-FBB3-4783-A94C-274D0B0EDC0E}.Release|Any CPU.ActiveCfg = Release|Any CPU
		{40652D55-FBB3-4783-A94C-274D0B0EDC0E}.Release|Any CPU.Build.0 = Release|Any CPU
		{8F345AD4-9CE0-4AB1-B326-121877030386}.Debug|Any CPU.ActiveCfg = Debug|Any CPU
		{8F345AD4-9CE0-4AB1-B326-121877030386}.Debug|Any CPU.Build.0 = Debug|Any CPU
		{8F345AD4-9CE0-4AB1-B326-121877030386}.Release|Any CPU.ActiveCfg = Release|Any CPU
		{8F345AD4-9CE0-4AB1-B326-121877030386}.Release|Any CPU.Build.0 = Release|Any CPU
		{E2F6F663-4071-4B00-81E9-9F148CC783AF}.Debug|Any CPU.ActiveCfg = Debug|Any CPU
		{E2F6F663-4071-4B00-81E9-9F148CC783AF}.Debug|Any CPU.Build.0 = Debug|Any CPU
		{E2F6F663-4071-4B00-81E9-9F148CC783AF}.Release|Any CPU.ActiveCfg = Release|Any CPU
		{E2F6F663-4071-4B00-81E9-9F148CC783AF}.Release|Any CPU.Build.0 = Release|Any CPU
		{40E9A167-9929-45E1-8D23-1F5BA84C273D}.Debug|Any CPU.ActiveCfg = Debug|Any CPU
		{40E9A167-9929-45E1-8D23-1F5BA84C273D}.Debug|Any CPU.Build.0 = Debug|Any CPU
		{40E9A167-9929-45E1-8D23-1F5BA84C273D}.Release|Any CPU.ActiveCfg = Release|Any CPU
		{40E9A167-9929-45E1-8D23-1F5BA84C273D}.Release|Any CPU.Build.0 = Release|Any CPU
		{25537E88-A078-4FC1-B710-820AD1E34607}.Debug|Any CPU.ActiveCfg = Debug|Any CPU
		{25537E88-A078-4FC1-B710-820AD1E34607}.Debug|Any CPU.Build.0 = Debug|Any CPU
		{25537E88-A078-4FC1-B710-820AD1E34607}.Release|Any CPU.ActiveCfg = Release|Any CPU
		{25537E88-A078-4FC1-B710-820AD1E34607}.Release|Any CPU.Build.0 = Release|Any CPU
		{7BC547C1-E36F-495F-B692-7E9863DCCDF9}.Debug|Any CPU.ActiveCfg = Debug|Any CPU
		{7BC547C1-E36F-495F-B692-7E9863DCCDF9}.Debug|Any CPU.Build.0 = Debug|Any CPU
		{7BC547C1-E36F-495F-B692-7E9863DCCDF9}.Release|Any CPU.ActiveCfg = Release|Any CPU
		{7BC547C1-E36F-495F-B692-7E9863DCCDF9}.Release|Any CPU.Build.0 = Release|Any CPU
		{4ED9FECE-9569-45DE-9AE4-EFD9F2143E4B}.Debug|Any CPU.ActiveCfg = Debug|Any CPU
		{4ED9FECE-9569-45DE-9AE4-EFD9F2143E4B}.Debug|Any CPU.Build.0 = Debug|Any CPU
		{4ED9FECE-9569-45DE-9AE4-EFD9F2143E4B}.Release|Any CPU.ActiveCfg = Release|Any CPU
		{4ED9FECE-9569-45DE-9AE4-EFD9F2143E4B}.Release|Any CPU.Build.0 = Release|Any CPU
		{812E1193-BA88-4AD0-AC32-92B5872C62F3}.Debug|Any CPU.ActiveCfg = Debug|Any CPU
		{812E1193-BA88-4AD0-AC32-92B5872C62F3}.Debug|Any CPU.Build.0 = Debug|Any CPU
		{812E1193-BA88-4AD0-AC32-92B5872C62F3}.Release|Any CPU.ActiveCfg = Release|Any CPU
		{812E1193-BA88-4AD0-AC32-92B5872C62F3}.Release|Any CPU.Build.0 = Release|Any CPU
		{4126A473-E879-44E0-BA73-798196F9BFC0}.Debug|Any CPU.ActiveCfg = Debug|Any CPU
		{4126A473-E879-44E0-BA73-798196F9BFC0}.Debug|Any CPU.Build.0 = Debug|Any CPU
		{4126A473-E879-44E0-BA73-798196F9BFC0}.Release|Any CPU.ActiveCfg = Release|Any CPU
		{4126A473-E879-44E0-BA73-798196F9BFC0}.Release|Any CPU.Build.0 = Release|Any CPU
		{997EA3E1-06F3-4826-907B-2B2AEB3C8D10}.Debug|Any CPU.ActiveCfg = Debug|Any CPU
		{997EA3E1-06F3-4826-907B-2B2AEB3C8D10}.Debug|Any CPU.Build.0 = Debug|Any CPU
		{997EA3E1-06F3-4826-907B-2B2AEB3C8D10}.Release|Any CPU.ActiveCfg = Release|Any CPU
		{997EA3E1-06F3-4826-907B-2B2AEB3C8D10}.Release|Any CPU.Build.0 = Release|Any CPU
	EndGlobalSection
	GlobalSection(SolutionProperties) = preSolution
		HideSolutionNode = FALSE
	EndGlobalSection
	GlobalSection(ExtensibilityGlobals) = postSolution
		SolutionGuid = {61F7FB11-1E47-470C-91E2-47F8143E1572}
	EndGlobalSection
	GlobalSection(NestedProjects) = preSolution
		{93F46D8D-D7F7-46E9-AF91-4739B364243F} = {38B3E1D8-F8FA-4268-8C79-DA8BB20BF001}
		{C58EE63B-AE29-4DEF-8662-4C6DD281C181} = {38B3E1D8-F8FA-4268-8C79-DA8BB20BF001}
		{739946A0-A25F-419D-8958-BDA217419C93} = {93F46D8D-D7F7-46E9-AF91-4739B364243F}
		{A9D51F6D-7B0F-4E58-B332-D553356ABEF6} = {93F46D8D-D7F7-46E9-AF91-4739B364243F}
		{1A6A535B-2354-4261-8F3C-384AA079C9EF} = {93F46D8D-D7F7-46E9-AF91-4739B364243F}
		{C854F06B-A656-4C7A-9DB3-4D4B32903971} = {93F46D8D-D7F7-46E9-AF91-4739B364243F}
		{2E6A019A-F42A-4B31-995B-5058D772B014} = {93F46D8D-D7F7-46E9-AF91-4739B364243F}
		{5F6B5EA4-A356-4A49-9700-CB87CA0C3326} = {C58EE63B-AE29-4DEF-8662-4C6DD281C181}
		{A6686361-3360-4BCC-94C4-0D4E067F7BE1} = {0465FC1E-4CE5-4C09-B0AE-EF5C0AC9C54D}
		{FBB3AC6B-B446-43C3-8EFB-0246153466C6} = {38B3E1D8-F8FA-4268-8C79-DA8BB20BF001}
		{40652D55-FBB3-4783-A94C-274D0B0EDC0E} = {3973967D-D61A-413C-8BDB-1502C81004BA}
		{40E9A167-9929-45E1-8D23-1F5BA84C273D} = {3973967D-D61A-413C-8BDB-1502C81004BA}
		{25537E88-A078-4FC1-B710-820AD1E34607} = {3973967D-D61A-413C-8BDB-1502C81004BA}
		{7BC547C1-E36F-495F-B692-7E9863DCCDF9} = {3973967D-D61A-413C-8BDB-1502C81004BA}
		{4ED9FECE-9569-45DE-9AE4-EFD9F2143E4B} = {3973967D-D61A-413C-8BDB-1502C81004BA}
		{812E1193-BA88-4AD0-AC32-92B5872C62F3} = {3973967D-D61A-413C-8BDB-1502C81004BA}
		{4126A473-E879-44E0-BA73-798196F9BFC0} = {94C7D34D-5EA9-469E-B00E-4B8519DCECC4}
		{997EA3E1-06F3-4826-907B-2B2AEB3C8D10} = {94C7D34D-5EA9-469E-B00E-4B8519DCECC4}
	EndGlobalSection
EndGlobal
